
Microsoft Visual Studio Solution File, Format Version 12.00
# Visual Studio 15
VisualStudioVersion = 15.0.28307.489
MinimumVisualStudioVersion = 10.0.40219.1
Project("{FAE04EC0-301F-11D3-BF4B-00C04F79EFBC}") = "ListaTareas", "ListaTareas\ListaTareas.csproj", "{F24F42DA-4383-414D-AEA7-1F1A0119D81F}"
EndProject
Global
	GlobalSection(SolutionConfigurationPlatforms) = preSolution
		Debug|Any CPU = Debug|Any CPU
		Release|Any CPU = Release|Any CPU
	EndGlobalSection
	GlobalSection(ProjectConfigurationPlatforms) = postSolution
		{F24F42DA-4383-414D-AEA7-1F1A0119D81F}.Debug|Any CPU.ActiveCfg = Debug|Any CPU
		{F24F42DA-4383-414D-AEA7-1F1A0119D81F}.Debug|Any CPU.Build.0 = Debug|Any CPU
		{F24F42DA-4383-414D-AEA7-1F1A0119D81F}.Release|Any CPU.ActiveCfg = Release|Any CPU
		{F24F42DA-4383-414D-AEA7-1F1A0119D81F}.Release|Any CPU.Build.0 = Release|Any CPU
	EndGlobalSection
	GlobalSection(SolutionProperties) = preSolution
		HideSolutionNode = FALSE
	EndGlobalSection
	GlobalSection(ExtensibilityGlobals) = postSolution
		SolutionGuid = {B28F7ED3-8F7D-470C-A98C-65D0A693F558}
	EndGlobalSection
EndGlobal
